
Microsoft Visual Studio Solution File, Format Version 12.00
# Visual Studio 14
VisualStudioVersion = 14.0.25420.1
MinimumVisualStudioVersion = 10.0.40219.1
Project("{8BC9CEB8-8B4A-11D0-8D11-00A0C91BC942}") = "GL", "GL\GL.vcxproj", "{47607A23-F1DF-41ED-9B17-627D18C0138B}"
EndProject
Project("{8BC9CEB8-8B4A-11D0-8D11-00A0C91BC942}") = "TriangleDemo", "TriangleDemo\TriangleDemo.vcxproj", "{DB196EB4-5511-492E-9839-6F734B06FE1F}"
	ProjectSection(ProjectDependencies) = postProject
		{47607A23-F1DF-41ED-9B17-627D18C0138B} = {47607A23-F1DF-41ED-9B17-627D18C0138B}
	EndProjectSection
EndProject
Global
	GlobalSection(SolutionConfigurationPlatforms) = preSolution
		Debug|x64 = Debug|x64
		Release|x64 = Release|x64
	EndGlobalSection
	GlobalSection(ProjectConfigurationPlatforms) = postSolution
		{47607A23-F1DF-41ED-9B17-627D18C0138B}.Debug|x64.ActiveCfg = Debug|x64
		{47607A23-F1DF-41ED-9B17-627D18C0138B}.Debug|x64.Build.0 = Debug|x64
		{47607A23-F1DF-41ED-9B17-627D18C0138B}.Release|x64.ActiveCfg = Release|x64
		{47607A23-F1DF-41ED-9B17-627D18C0138B}.Release|x64.Build.0 = Release|x64
		{DB196EB4-5511-492E-9839-6F734B06FE1F}.Debug|x64.ActiveCfg = Debug|x64
		{DB196EB4-5511-492E-9839-6F734B06FE1F}.Debug|x64.Build.0 = Debug|x64
		{DB196EB4-5511-492E-9839-6F734B06FE1F}.Release|x64.ActiveCfg = Release|x64
		{DB196EB4-5511-492E-9839-6F734B06FE1F}.Release|x64.Build.0 = Release|x64
	EndGlobalSection
	GlobalSection(SolutionProperties) = preSolution
		HideSolutionNode = FALSE
	EndGlobalSection
EndGlobal
