
Microsoft Visual Studio Solution File, Format Version 12.00
# Visual Studio 15
VisualStudioVersion = 15.0.27130.2026
MinimumVisualStudioVersion = 10.0.40219.1
Project("{8BC9CEB8-8B4A-11D0-8D11-00A0C91BC942}") = "GL", "GL\GL.vcxproj", "{47607A23-F1DF-41ED-9B17-627D18C0138B}"
EndProject
Project("{8BC9CEB8-8B4A-11D0-8D11-00A0C91BC942}") = "TriangleDemo", "TriangleDemo\TriangleDemo.vcxproj", "{DB196EB4-5511-492E-9839-6F734B06FE1F}"
	ProjectSection(ProjectDependencies) = postProject
		{47607A23-F1DF-41ED-9B17-627D18C0138B} = {47607A23-F1DF-41ED-9B17-627D18C0138B}
	EndProjectSection
EndProject
Project("{8BC9CEB8-8B4A-11D0-8D11-00A0C91BC942}") = "CubeDemo", "CubeDemo\CubeDemo.vcxproj", "{20D9F331-1BC7-45D8-846E-C78D3CE3C61F}"
	ProjectSection(ProjectDependencies) = postProject
		{47607A23-F1DF-41ED-9B17-627D18C0138B} = {47607A23-F1DF-41ED-9B17-627D18C0138B}
	EndProjectSection
EndProject
Project("{8BC9CEB8-8B4A-11D0-8D11-00A0C91BC942}") = "DeferredDemo", "DeferredDemo\DeferredDemo.vcxproj", "{97E592A6-DB04-4DA2-A79B-DA22421BE90D}"
	ProjectSection(ProjectDependencies) = postProject
		{47607A23-F1DF-41ED-9B17-627D18C0138B} = {47607A23-F1DF-41ED-9B17-627D18C0138B}
	EndProjectSection
EndProject
Project("{8BC9CEB8-8B4A-11D0-8D11-00A0C91BC942}") = "BVHDeferredDemo", "BVHDeferredDemo\BVHDeferredDemo.vcxproj", "{89679255-FD90-4E4C-8135-B3860C72836E}"
	ProjectSection(ProjectDependencies) = postProject
		{47607A23-F1DF-41ED-9B17-627D18C0138B} = {47607A23-F1DF-41ED-9B17-627D18C0138B}
	EndProjectSection
EndProject
Project("{8BC9CEB8-8B4A-11D0-8D11-00A0C91BC942}") = "SkeletalAnimationDemo", "SkeletalAnimationDemo\SkeletalAnimationDemo.vcxproj", "{429E0E55-4F8D-4803-A3D5-5CC483A8099A}"
	ProjectSection(ProjectDependencies) = postProject
		{47607A23-F1DF-41ED-9B17-627D18C0138B} = {47607A23-F1DF-41ED-9B17-627D18C0138B}
	EndProjectSection
EndProject
Project("{8BC9CEB8-8B4A-11D0-8D11-00A0C91BC942}") = "TiledDeferredDemo", "TiledDeferredDemo\TiledDeferredDemo.vcxproj", "{A355DD16-5928-4BD6-9089-238AF7983A3E}"
	ProjectSection(ProjectDependencies) = postProject
		{47607A23-F1DF-41ED-9B17-627D18C0138B} = {47607A23-F1DF-41ED-9B17-627D18C0138B}
	EndProjectSection
EndProject
Project("{8BC9CEB8-8B4A-11D0-8D11-00A0C91BC942}") = "VXGI", "VXGI\VXGI.vcxproj", "{D6AEF71B-F167-484A-938B-F3B92538B102}"
	ProjectSection(ProjectDependencies) = postProject
		{47607A23-F1DF-41ED-9B17-627D18C0138B} = {47607A23-F1DF-41ED-9B17-627D18C0138B}
	EndProjectSection
EndProject
Global
	GlobalSection(SolutionConfigurationPlatforms) = preSolution
		Debug|x64 = Debug|x64
		Debug|x86 = Debug|x86
		Release|x64 = Release|x64
		Release|x86 = Release|x86
	EndGlobalSection
	GlobalSection(ProjectConfigurationPlatforms) = postSolution
		{47607A23-F1DF-41ED-9B17-627D18C0138B}.Debug|x64.ActiveCfg = Debug|x64
		{47607A23-F1DF-41ED-9B17-627D18C0138B}.Debug|x64.Build.0 = Debug|x64
		{47607A23-F1DF-41ED-9B17-627D18C0138B}.Debug|x86.ActiveCfg = Debug|Win32
		{47607A23-F1DF-41ED-9B17-627D18C0138B}.Debug|x86.Build.0 = Debug|Win32
		{47607A23-F1DF-41ED-9B17-627D18C0138B}.Release|x64.ActiveCfg = Release|x64
		{47607A23-F1DF-41ED-9B17-627D18C0138B}.Release|x64.Build.0 = Release|x64
		{47607A23-F1DF-41ED-9B17-627D18C0138B}.Release|x86.ActiveCfg = Release|Win32
		{47607A23-F1DF-41ED-9B17-627D18C0138B}.Release|x86.Build.0 = Release|Win32
		{DB196EB4-5511-492E-9839-6F734B06FE1F}.Debug|x64.ActiveCfg = Debug|x64
		{DB196EB4-5511-492E-9839-6F734B06FE1F}.Debug|x64.Build.0 = Debug|x64
		{DB196EB4-5511-492E-9839-6F734B06FE1F}.Debug|x86.ActiveCfg = Debug|Win32
		{DB196EB4-5511-492E-9839-6F734B06FE1F}.Debug|x86.Build.0 = Debug|Win32
		{DB196EB4-5511-492E-9839-6F734B06FE1F}.Release|x64.ActiveCfg = Release|x64
		{DB196EB4-5511-492E-9839-6F734B06FE1F}.Release|x64.Build.0 = Release|x64
		{DB196EB4-5511-492E-9839-6F734B06FE1F}.Release|x86.ActiveCfg = Release|Win32
		{DB196EB4-5511-492E-9839-6F734B06FE1F}.Release|x86.Build.0 = Release|Win32
		{20D9F331-1BC7-45D8-846E-C78D3CE3C61F}.Debug|x64.ActiveCfg = Debug|x64
		{20D9F331-1BC7-45D8-846E-C78D3CE3C61F}.Debug|x64.Build.0 = Debug|x64
		{20D9F331-1BC7-45D8-846E-C78D3CE3C61F}.Debug|x86.ActiveCfg = Debug|Win32
		{20D9F331-1BC7-45D8-846E-C78D3CE3C61F}.Debug|x86.Build.0 = Debug|Win32
		{20D9F331-1BC7-45D8-846E-C78D3CE3C61F}.Release|x64.ActiveCfg = Release|x64
		{20D9F331-1BC7-45D8-846E-C78D3CE3C61F}.Release|x64.Build.0 = Release|x64
		{20D9F331-1BC7-45D8-846E-C78D3CE3C61F}.Release|x86.ActiveCfg = Release|Win32
		{20D9F331-1BC7-45D8-846E-C78D3CE3C61F}.Release|x86.Build.0 = Release|Win32
		{97E592A6-DB04-4DA2-A79B-DA22421BE90D}.Debug|x64.ActiveCfg = Debug|x64
		{97E592A6-DB04-4DA2-A79B-DA22421BE90D}.Debug|x64.Build.0 = Debug|x64
		{97E592A6-DB04-4DA2-A79B-DA22421BE90D}.Debug|x86.ActiveCfg = Debug|Win32
		{97E592A6-DB04-4DA2-A79B-DA22421BE90D}.Debug|x86.Build.0 = Debug|Win32
		{97E592A6-DB04-4DA2-A79B-DA22421BE90D}.Release|x64.ActiveCfg = Release|x64
		{97E592A6-DB04-4DA2-A79B-DA22421BE90D}.Release|x64.Build.0 = Release|x64
		{97E592A6-DB04-4DA2-A79B-DA22421BE90D}.Release|x86.ActiveCfg = Release|Win32
		{97E592A6-DB04-4DA2-A79B-DA22421BE90D}.Release|x86.Build.0 = Release|Win32
		{89679255-FD90-4E4C-8135-B3860C72836E}.Debug|x64.ActiveCfg = Debug|x64
		{89679255-FD90-4E4C-8135-B3860C72836E}.Debug|x64.Build.0 = Debug|x64
		{89679255-FD90-4E4C-8135-B3860C72836E}.Debug|x86.ActiveCfg = Debug|Win32
		{89679255-FD90-4E4C-8135-B3860C72836E}.Debug|x86.Build.0 = Debug|Win32
		{89679255-FD90-4E4C-8135-B3860C72836E}.Release|x64.ActiveCfg = Release|x64
		{89679255-FD90-4E4C-8135-B3860C72836E}.Release|x64.Build.0 = Release|x64
		{89679255-FD90-4E4C-8135-B3860C72836E}.Release|x86.ActiveCfg = Release|Win32
		{89679255-FD90-4E4C-8135-B3860C72836E}.Release|x86.Build.0 = Release|Win32
		{429E0E55-4F8D-4803-A3D5-5CC483A8099A}.Debug|x64.ActiveCfg = Debug|x64
		{429E0E55-4F8D-4803-A3D5-5CC483A8099A}.Debug|x64.Build.0 = Debug|x64
		{429E0E55-4F8D-4803-A3D5-5CC483A8099A}.Debug|x86.ActiveCfg = Debug|Win32
		{429E0E55-4F8D-4803-A3D5-5CC483A8099A}.Release|x64.ActiveCfg = Release|x64
		{429E0E55-4F8D-4803-A3D5-5CC483A8099A}.Release|x64.Build.0 = Release|x64
		{429E0E55-4F8D-4803-A3D5-5CC483A8099A}.Release|x86.ActiveCfg = Release|Win32
		{A355DD16-5928-4BD6-9089-238AF7983A3E}.Debug|x64.ActiveCfg = Debug|x64
		{A355DD16-5928-4BD6-9089-238AF7983A3E}.Debug|x64.Build.0 = Debug|x64
		{A355DD16-5928-4BD6-9089-238AF7983A3E}.Debug|x86.ActiveCfg = Debug|Win32
		{A355DD16-5928-4BD6-9089-238AF7983A3E}.Debug|x86.Build.0 = Debug|Win32
		{A355DD16-5928-4BD6-9089-238AF7983A3E}.Release|x64.ActiveCfg = Release|x64
		{A355DD16-5928-4BD6-9089-238AF7983A3E}.Release|x64.Build.0 = Release|x64
		{A355DD16-5928-4BD6-9089-238AF7983A3E}.Release|x86.ActiveCfg = Release|Win32
		{A355DD16-5928-4BD6-9089-238AF7983A3E}.Release|x86.Build.0 = Release|Win32
		{D6AEF71B-F167-484A-938B-F3B92538B102}.Debug|x64.ActiveCfg = Debug|x64
		{D6AEF71B-F167-484A-938B-F3B92538B102}.Debug|x64.Build.0 = Debug|x64
		{D6AEF71B-F167-484A-938B-F3B92538B102}.Debug|x86.ActiveCfg = Debug|Win32
		{D6AEF71B-F167-484A-938B-F3B92538B102}.Debug|x86.Build.0 = Debug|Win32
		{D6AEF71B-F167-484A-938B-F3B92538B102}.Release|x64.ActiveCfg = Release|x64
		{D6AEF71B-F167-484A-938B-F3B92538B102}.Release|x64.Build.0 = Release|x64
		{D6AEF71B-F167-484A-938B-F3B92538B102}.Release|x86.ActiveCfg = Release|Win32
		{D6AEF71B-F167-484A-938B-F3B92538B102}.Release|x86.Build.0 = Release|Win32
	EndGlobalSection
	GlobalSection(SolutionProperties) = preSolution
		HideSolutionNode = FALSE
	EndGlobalSection
	GlobalSection(ExtensibilityGlobals) = postSolution
		SolutionGuid = {2B79930F-045F-45D2-8723-BCF0A7FDC454}
	EndGlobalSection
EndGlobal
